# This file is generated by running "yarn install" inside your project.
# Manual changes might be lost - proceed with caution!

__metadata:
  version: 6
  cacheKey: 8

"@nextgis/frontend_docs@workspace:.":
  version: 0.0.0-use.local
  resolution: "@nextgis/frontend_docs@workspace:."
  dependencies:
    docmypkg: ^0.0.1
    typedoc: ^0.26.10
  languageName: unknown
  linkType: soft

"@shikijs/core@npm:1.22.1":
  version: 1.22.1
  resolution: "@shikijs/core@npm:1.22.1"
  dependencies:
    "@shikijs/engine-javascript": 1.22.1
    "@shikijs/engine-oniguruma": 1.22.1
    "@shikijs/types": 1.22.1
    "@shikijs/vscode-textmate": ^9.3.0
    "@types/hast": ^3.0.4
    hast-util-to-html: ^9.0.3
  checksum: e62457459c5effb811a60de5acb6c94212659b829a44b134a561e4d55f6d281818c2bc0214690f5c64fce88b4000ec28ca5f4fa15bf98c38f9a65a7931aa4e2e
  languageName: node
  linkType: hard

"@shikijs/engine-javascript@npm:1.22.1":
  version: 1.22.1
  resolution: "@shikijs/engine-javascript@npm:1.22.1"
  dependencies:
    "@shikijs/types": 1.22.1
    "@shikijs/vscode-textmate": ^9.3.0
    oniguruma-to-js: 0.4.3
  checksum: 30f54fc8a95ecc856c12d0843763c6ad3359c089e9454026b5487bd3a7a8af7726fa7d4fb139aec5190ba8d7982d3ba1455d2d9889f013becf469cc103a766c2
  languageName: node
  linkType: hard

"@shikijs/engine-oniguruma@npm:1.22.1":
  version: 1.22.1
  resolution: "@shikijs/engine-oniguruma@npm:1.22.1"
  dependencies:
    "@shikijs/types": 1.22.1
    "@shikijs/vscode-textmate": ^9.3.0
  checksum: 295f1f6466d1b95ef2b7e97b69bfd9a9c5251fbc31b353c78bce3ddfbd2904f0de9e365df1cc74cc67d859fc14cc245bf91a587b69d7e1d2b439bde7c8f75cb8
  languageName: node
  linkType: hard

"@shikijs/types@npm:1.22.1":
  version: 1.22.1
  resolution: "@shikijs/types@npm:1.22.1"
  dependencies:
    "@shikijs/vscode-textmate": ^9.3.0
    "@types/hast": ^3.0.4
  checksum: 9d903d5a7c2ece6963510e6926acbb10d623e90d61b5687a307232563081c072dc352463292819bbda9adce4dd6aa9a56125d42eba31d347e43422c73142e3be
  languageName: node
  linkType: hard

"@shikijs/vscode-textmate@npm:^9.3.0":
  version: 9.3.0
  resolution: "@shikijs/vscode-textmate@npm:9.3.0"
  checksum: 6635b4f41f958db502545d7c55cb51b803986cff38402963404cfd725449dc6ad760b6c342e916fc620f998b67baa23bea52299d379f20837fc47af9271d601d
  languageName: node
  linkType: hard

"@types/hast@npm:^3.0.0, @types/hast@npm:^3.0.4":
  version: 3.0.4
  resolution: "@types/hast@npm:3.0.4"
  dependencies:
    "@types/unist": "*"
  checksum: 7a973e8d16fcdf3936090fa2280f408fb2b6a4f13b42edeb5fbd614efe042b82eac68e298e556d50f6b4ad585a3a93c353e9c826feccdc77af59de8dd400d044
  languageName: node
  linkType: hard

"@types/mdast@npm:^4.0.0":
  version: 4.0.4
  resolution: "@types/mdast@npm:4.0.4"
  dependencies:
    "@types/unist": "*"
  checksum: 20c4e9574cc409db662a35cba52b068b91eb696b3049e94321219d47d34c8ccc99a142be5c76c80a538b612457b03586bc2f6b727a3e9e7530f4c8568f6282ee
  languageName: node
  linkType: hard

"@types/unist@npm:*":
  version: 3.0.2
  resolution: "@types/unist@npm:3.0.2"
  checksum: 3d04d0be69316e5f14599a0d993a208606c12818cf631fd399243d1dc7a9bd8a3917d6066baa6abc290814afbd744621484756803c80cba892c39cd4b4a85616
  languageName: node
  linkType: hard

"@types/unist@npm:^3.0.0":
  version: 3.0.3
  resolution: "@types/unist@npm:3.0.3"
  checksum: 96e6453da9e075aaef1dc22482463898198acdc1eeb99b465e65e34303e2ec1e3b1ed4469a9118275ec284dc98019f63c3f5d49422f0e4ac707e5ab90fb3b71a
  languageName: node
  linkType: hard

"@ungap/structured-clone@npm:^1.0.0":
  version: 1.2.0
  resolution: "@ungap/structured-clone@npm:1.2.0"
  checksum: 4f656b7b4672f2ce6e272f2427d8b0824ed11546a601d8d5412b9d7704e83db38a8d9f402ecdf2b9063fc164af842ad0ec4a55819f621ed7e7ea4d1efcc74524
  languageName: node
  linkType: hard

"ansi-regex@npm:^5.0.1":
  version: 5.0.1
  resolution: "ansi-regex@npm:5.0.1"
  checksum: 2aa4bb54caf2d622f1afdad09441695af2a83aa3fe8b8afa581d205e57ed4261c183c4d3877cee25794443fde5876417d859c108078ab788d6af7e4fe52eb66b
  languageName: node
  linkType: hard

"ansi-styles@npm:^4.0.0, ansi-styles@npm:^4.1.0":
  version: 4.3.0
  resolution: "ansi-styles@npm:4.3.0"
  dependencies:
    color-convert: ^2.0.1
  checksum: 513b44c3b2105dd14cc42a19271e80f386466c4be574bccf60b627432f9198571ebf4ab1e4c3ba17347658f4ee1711c163d574248c0c1cdc2d5917a0ad582ec4
  languageName: node
  linkType: hard

"argparse@npm:^2.0.1":
  version: 2.0.1
  resolution: "argparse@npm:2.0.1"
  checksum: 83644b56493e89a254bae05702abf3a1101b4fa4d0ca31df1c9985275a5a5bd47b3c27b7fa0b71098d41114d8ca000e6ed90cad764b306f8a503665e4d517ced
  languageName: node
  linkType: hard

"balanced-match@npm:^1.0.0":
  version: 1.0.2
  resolution: "balanced-match@npm:1.0.2"
  checksum: 9706c088a283058a8a99e0bf91b0a2f75497f185980d9ffa8b304de1d9e58ebda7c72c07ebf01dadedaac5b2907b2c6f566f660d62bd336c3468e960403b9d65
  languageName: node
  linkType: hard

"brace-expansion@npm:^2.0.1":
  version: 2.0.1
  resolution: "brace-expansion@npm:2.0.1"
  dependencies:
    balanced-match: ^1.0.0
  checksum: a61e7cd2e8a8505e9f0036b3b6108ba5e926b4b55089eeb5550cd04a471fe216c96d4fe7e4c7f995c728c554ae20ddfc4244cad10aef255e72b62930afd233d1
  languageName: node
  linkType: hard

"ccount@npm:^2.0.0":
  version: 2.0.1
  resolution: "ccount@npm:2.0.1"
  checksum: 48193dada54c9e260e0acf57fc16171a225305548f9ad20d5471e0f7a8c026aedd8747091dccb0d900cde7df4e4ddbd235df0d8de4a64c71b12f0d3303eeafd4
  languageName: node
  linkType: hard

"chalk@npm:^4.1.2":
  version: 4.1.2
  resolution: "chalk@npm:4.1.2"
  dependencies:
    ansi-styles: ^4.1.0
    supports-color: ^7.1.0
  checksum: fe75c9d5c76a7a98d45495b91b2172fa3b7a09e0cc9370e5c8feb1c567b85c4288e2b3fded7cfdd7359ac28d6b3844feb8b82b8686842e93d23c827c417e83fc
  languageName: node
  linkType: hard

"character-entities-html4@npm:^2.0.0":
  version: 2.1.0
  resolution: "character-entities-html4@npm:2.1.0"
  checksum: 7034aa7c7fa90309667f6dd50499c8a760c3d3a6fb159adb4e0bada0107d194551cdbad0714302f62d06ce4ed68565c8c2e15fdef2e8f8764eb63fa92b34b11d
  languageName: node
  linkType: hard

"character-entities-legacy@npm:^3.0.0":
  version: 3.0.0
  resolution: "character-entities-legacy@npm:3.0.0"
  checksum: 7582af055cb488b626d364b7d7a4e46b06abd526fb63c0e4eb35bcb9c9799cc4f76b39f34fdccef2d1174ac95e53e9ab355aae83227c1a2505877893fce77731
  languageName: node
  linkType: hard

"cliui@npm:^8.0.1":
  version: 8.0.1
  resolution: "cliui@npm:8.0.1"
  dependencies:
    string-width: ^4.2.0
    strip-ansi: ^6.0.1
    wrap-ansi: ^7.0.0
  checksum: 79648b3b0045f2e285b76fb2e24e207c6db44323581e421c3acbd0e86454cba1b37aea976ab50195a49e7384b871e6dfb2247ad7dec53c02454ac6497394cb56
  languageName: node
  linkType: hard

"color-convert@npm:^2.0.1":
  version: 2.0.1
  resolution: "color-convert@npm:2.0.1"
  dependencies:
    color-name: ~1.1.4
  checksum: 79e6bdb9fd479a205c71d89574fccfb22bd9053bd98c6c4d870d65c132e5e904e6034978e55b43d69fcaa7433af2016ee203ce76eeba9cfa554b373e7f7db336
  languageName: node
  linkType: hard

"color-name@npm:~1.1.4":
  version: 1.1.4
  resolution: "color-name@npm:1.1.4"
  checksum: b0445859521eb4021cd0fb0cc1a75cecf67fceecae89b63f62b201cca8d345baf8b952c966862a9d9a2632987d4f6581f0ec8d957dfacece86f0a7919316f610
  languageName: node
  linkType: hard

"comma-separated-tokens@npm:^2.0.0":
  version: 2.0.3
  resolution: "comma-separated-tokens@npm:2.0.3"
  checksum: e3bf9e0332a5c45f49b90e79bcdb4a7a85f28d6a6f0876a94f1bb9b2bfbdbbb9292aac50e1e742d8c0db1e62a0229a106f57917e2d067fca951d81737651700d
  languageName: node
  linkType: hard

"dequal@npm:^2.0.0":
  version: 2.0.3
  resolution: "dequal@npm:2.0.3"
  checksum: 8679b850e1a3d0ebbc46ee780d5df7b478c23f335887464023a631d1b9af051ad4a6595a44220f9ff8ff95a8ddccf019b5ad778a976fd7bbf77383d36f412f90
  languageName: node
  linkType: hard

"devlop@npm:^1.0.0":
  version: 1.1.0
  resolution: "devlop@npm:1.1.0"
  dependencies:
    dequal: ^2.0.0
  checksum: d2ff650bac0bb6ef08c48f3ba98640bb5fec5cce81e9957eb620408d1bab1204d382a45b785c6b3314dc867bb0684936b84c6867820da6db97cbb5d3c15dd185
  languageName: node
  linkType: hard

"docmypkg@npm:^0.0.1":
  version: 0.0.1
  resolution: "docmypkg@npm:0.0.1"
  dependencies:
    chalk: ^4.1.2
    yargs: ^17.3.0
  bin:
    docmypkg: bin.js
  checksum: 30eb0b4ed94fab5792ec56fc3e4489ed6d9bc033c95518a63d767307d1ad5b36d78b36ef94c60e97a90f47c74210b3ec38ee61686fb04c00e0c0d72f0c9fa090
  languageName: node
  linkType: hard

"emoji-regex@npm:^8.0.0":
  version: 8.0.0
  resolution: "emoji-regex@npm:8.0.0"
  checksum: d4c5c39d5a9868b5fa152f00cada8a936868fd3367f33f71be515ecee4c803132d11b31a6222b2571b1e5f7e13890156a94880345594d0ce7e3c9895f560f192
  languageName: node
  linkType: hard

"entities@npm:^4.4.0":
  version: 4.5.0
  resolution: "entities@npm:4.5.0"
  checksum: 853f8ebd5b425d350bffa97dd6958143179a5938352ccae092c62d1267c4e392a039be1bae7d51b6e4ffad25f51f9617531fedf5237f15df302ccfb452cbf2d7
  languageName: node
  linkType: hard

"escalade@npm:^3.1.1":
  version: 3.1.1
  resolution: "escalade@npm:3.1.1"
  checksum: a3e2a99f07acb74b3ad4989c48ca0c3140f69f923e56d0cba0526240ee470b91010f9d39001f2a4a313841d237ede70a729e92125191ba5d21e74b106800b133
  languageName: node
  linkType: hard

"get-caller-file@npm:^2.0.5":
  version: 2.0.5
  resolution: "get-caller-file@npm:2.0.5"
  checksum: b9769a836d2a98c3ee734a88ba712e62703f1df31b94b784762c433c27a386dd6029ff55c2a920c392e33657d80191edbf18c61487e198844844516f843496b9
  languageName: node
  linkType: hard

"has-flag@npm:^4.0.0":
  version: 4.0.0
  resolution: "has-flag@npm:4.0.0"
  checksum: 261a1357037ead75e338156b1f9452c016a37dcd3283a972a30d9e4a87441ba372c8b81f818cd0fbcd9c0354b4ae7e18b9e1afa1971164aef6d18c2b6095a8ad
  languageName: node
  linkType: hard

"hast-util-to-html@npm:^9.0.3":
  version: 9.0.3
  resolution: "hast-util-to-html@npm:9.0.3"
  dependencies:
    "@types/hast": ^3.0.0
    "@types/unist": ^3.0.0
    ccount: ^2.0.0
    comma-separated-tokens: ^2.0.0
    hast-util-whitespace: ^3.0.0
    html-void-elements: ^3.0.0
    mdast-util-to-hast: ^13.0.0
    property-information: ^6.0.0
    space-separated-tokens: ^2.0.0
    stringify-entities: ^4.0.0
    zwitch: ^2.0.4
  checksum: e0b6f6fdba5f0075a593a0b1f0807c11a24ccfcb8403caea7d71eaffd7a958c995917e69fccc9055fbfa05a8b9d6b1cab306200bb82ad143530fdf4f33dcc311
  languageName: node
  linkType: hard

"hast-util-whitespace@npm:^3.0.0":
  version: 3.0.0
  resolution: "hast-util-whitespace@npm:3.0.0"
  dependencies:
    "@types/hast": ^3.0.0
  checksum: 41d93ccce218ba935dc3c12acdf586193c35069489c8c8f50c2aa824c00dec94a3c78b03d1db40fa75381942a189161922e4b7bca700b3a2cc779634c351a1e4
  languageName: node
  linkType: hard

"html-void-elements@npm:^3.0.0":
  version: 3.0.0
  resolution: "html-void-elements@npm:3.0.0"
  checksum: 59be397525465a7489028afa064c55763d9cccd1d7d9f630cca47137317f0e897a9ca26cef7e745e7cff1abc44260cfa407742b243a54261dfacd42230e94fce
  languageName: node
  linkType: hard

"is-fullwidth-code-point@npm:^3.0.0":
  version: 3.0.0
  resolution: "is-fullwidth-code-point@npm:3.0.0"
  checksum: 44a30c29457c7fb8f00297bce733f0a64cd22eca270f83e58c105e0d015e45c019491a4ab2faef91ab51d4738c670daff901c799f6a700e27f7314029e99e348
  languageName: node
  linkType: hard

"linkify-it@npm:^5.0.0":
  version: 5.0.0
  resolution: "linkify-it@npm:5.0.0"
  dependencies:
    uc.micro: ^2.0.0
  checksum: b0b86cadaf816b64c947a83994ceaad1c15f9fe7e079776ab88699fb71afd7b8fc3fd3d0ae5ebec8c92c1d347be9ba257b8aef338c0ebf81b0d27dcf429a765a
  languageName: node
  linkType: hard

"lunr@npm:^2.3.9":
  version: 2.3.9
  resolution: "lunr@npm:2.3.9"
  checksum: 176719e24fcce7d3cf1baccce9dd5633cd8bdc1f41ebe6a180112e5ee99d80373fe2454f5d4624d437e5a8319698ca6837b9950566e15d2cae5f2a543a3db4b8
  languageName: node
  linkType: hard

"markdown-it@npm:^14.1.0":
  version: 14.1.0
  resolution: "markdown-it@npm:14.1.0"
  dependencies:
    argparse: ^2.0.1
    entities: ^4.4.0
    linkify-it: ^5.0.0
    mdurl: ^2.0.0
    punycode.js: ^2.3.1
    uc.micro: ^2.1.0
  bin:
    markdown-it: bin/markdown-it.mjs
  checksum: 07296b45ebd0b13a55611a24d1b1ad002c6729ec54f558f597846994b0b7b1de79d13cd99ff3e7b6e9e027f36b63125cdcf69174da294ecabdd4e6b9fff39e5d
  languageName: node
  linkType: hard

"mdast-util-to-hast@npm:^13.0.0":
  version: 13.2.0
  resolution: "mdast-util-to-hast@npm:13.2.0"
  dependencies:
    "@types/hast": ^3.0.0
    "@types/mdast": ^4.0.0
    "@ungap/structured-clone": ^1.0.0
    devlop: ^1.0.0
    micromark-util-sanitize-uri: ^2.0.0
    trim-lines: ^3.0.0
    unist-util-position: ^5.0.0
    unist-util-visit: ^5.0.0
    vfile: ^6.0.0
  checksum: 7e5231ff3d4e35e1421908437577fd5098141f64918ff5cc8a0f7a8a76c5407f7a3ee88d75f7a1f7afb763989c9f357475fa0ba8296c00aaff1e940098fe86a6
  languageName: node
  linkType: hard

"mdurl@npm:^2.0.0":
  version: 2.0.0
  resolution: "mdurl@npm:2.0.0"
  checksum: 880bc289ef668df0bb34c5b2b5aaa7b6ea755052108cdaf4a5e5968ad01cf27e74927334acc9ebcc50a8628b65272ae6b1fd51fae1330c130e261c0466e1a3b2
  languageName: node
  linkType: hard

"micromark-util-character@npm:^2.0.0":
  version: 2.1.0
  resolution: "micromark-util-character@npm:2.1.0"
  dependencies:
    micromark-util-symbol: ^2.0.0
    micromark-util-types: ^2.0.0
  checksum: 36ee910f84077cf16626fa618cfe46ac25956b3242e3166b8e8e98c5a8c524af7e5bf3d70822264b1fd2d297a36104a7eb7e3462c19c28353eaca7b0d8717594
  languageName: node
  linkType: hard

"micromark-util-encode@npm:^2.0.0":
  version: 2.0.0
  resolution: "micromark-util-encode@npm:2.0.0"
  checksum: 853a3f33fce72aaf4ffa60b7f2b6fcfca40b270b3466e1b96561b02185d2bd8c01dd7948bc31a24ac014f4cc854e545ca9a8e9cf7ea46262f9d24c9e88551c66
  languageName: node
  linkType: hard

"micromark-util-sanitize-uri@npm:^2.0.0":
  version: 2.0.0
  resolution: "micromark-util-sanitize-uri@npm:2.0.0"
  dependencies:
    micromark-util-character: ^2.0.0
    micromark-util-encode: ^2.0.0
    micromark-util-symbol: ^2.0.0
  checksum: ea4c28bbffcf2430e9aff2d18554296789a8b0a1f54ac24020d1dde76624a7f93e8f2a83e88cd5a846b6d2c4287b71b1142d1b89fa7f1b0363a9b33711a141fe
  languageName: node
  linkType: hard

"micromark-util-symbol@npm:^2.0.0":
  version: 2.0.0
  resolution: "micromark-util-symbol@npm:2.0.0"
  checksum: fa4a05bff575d9fbf0ad96a1013003e3bb6087ed6b34b609a141b6c0d2137b57df594aca409a95f4c5fda199f227b56a7d8b1f82cea0768df161d8a3a3660764
  languageName: node
  linkType: hard

"micromark-util-types@npm:^2.0.0":
  version: 2.0.0
  resolution: "micromark-util-types@npm:2.0.0"
  checksum: 819fef3ab5770c37893d2a60381fb2694396c8d22803b6e103c830c3a1bc1490363c2b0470bb2acaaddad776dfbc2fc1fcfde39cb63c4f54d95121611672e3d0
  languageName: node
  linkType: hard

"minimatch@npm:^9.0.5":
  version: 9.0.5
  resolution: "minimatch@npm:9.0.5"
  dependencies:
    brace-expansion: ^2.0.1
  checksum: 2c035575eda1e50623c731ec6c14f65a85296268f749b9337005210bb2b34e2705f8ef1a358b188f69892286ab99dc42c8fb98a57bde55c8d81b3023c19cea28
  languageName: node
  linkType: hard

"oniguruma-to-js@npm:0.4.3":
  version: 0.4.3
  resolution: "oniguruma-to-js@npm:0.4.3"
  dependencies:
    regex: ^4.3.2
  checksum: 563d2e3490d415628f7a273fd417d16a69d19e53454821ed9654ee84877ecaf532c60d710f670edb4cde7448e505e3a70c6ab89d641769394b4238248ea71816
  languageName: node
  linkType: hard

"property-information@npm:^6.0.0":
  version: 6.5.0
  resolution: "property-information@npm:6.5.0"
  checksum: 6e55664e2f64083b715011e5bafaa1e694faf36986c235b0907e95d09259cc37c38382e3cc94a4c3f56366e05336443db12c8a0f0968a8c0a1b1416eebfc8f53
  languageName: node
  linkType: hard

"punycode.js@npm:^2.3.1":
  version: 2.3.1
  resolution: "punycode.js@npm:2.3.1"
  checksum: 13466d7ed5e8dacdab8c4cc03837e7dd14218a59a40eb14a837f1f53ca396e18ef2c4ee6d7766b8ed2fc391d6a3ac489eebf2de83b3596f5a54e86df4a251b72
  languageName: node
  linkType: hard

"regex@npm:^4.3.2":
  version: 4.3.3
  resolution: "regex@npm:4.3.3"
  checksum: 3a58e50f957990c684d97dd5a77422898e8f9d53d422929eef6dc0cae62eb054e885a7edaa393c5fe919aefc6089f7526f05f2d0c9d7f22c8464ffe354ea83d8
  languageName: node
  linkType: hard

"require-directory@npm:^2.1.1":
  version: 2.1.1
  resolution: "require-directory@npm:2.1.1"
  checksum: fb47e70bf0001fdeabdc0429d431863e9475e7e43ea5f94ad86503d918423c1543361cc5166d713eaa7029dd7a3d34775af04764bebff99ef413111a5af18c80
  languageName: node
  linkType: hard

"shiki@npm:^1.16.2":
  version: 1.22.1
  resolution: "shiki@npm:1.22.1"
  dependencies:
    "@shikijs/core": 1.22.1
    "@shikijs/engine-javascript": 1.22.1
    "@shikijs/engine-oniguruma": 1.22.1
    "@shikijs/types": 1.22.1
    "@shikijs/vscode-textmate": ^9.3.0
    "@types/hast": ^3.0.4
  checksum: 81f13c4018351ee2d0994ea1a1b43093f6c95e1967c011a3164775b9046da2f3914fc4994d5a2aed69ae6733c81f912e0fb16cebba6d9aecd7f4b3b1dbb35152
  languageName: node
  linkType: hard

"space-separated-tokens@npm:^2.0.0":
  version: 2.0.2
  resolution: "space-separated-tokens@npm:2.0.2"
  checksum: 202e97d7ca1ba0758a0aa4fe226ff98142073bcceeff2da3aad037968878552c3bbce3b3231970025375bbba5aee00c5b8206eda408da837ab2dc9c0f26be990
  languageName: node
  linkType: hard

"string-width@npm:^4.1.0, string-width@npm:^4.2.0, string-width@npm:^4.2.3":
  version: 4.2.3
  resolution: "string-width@npm:4.2.3"
  dependencies:
    emoji-regex: ^8.0.0
    is-fullwidth-code-point: ^3.0.0
    strip-ansi: ^6.0.1
  checksum: e52c10dc3fbfcd6c3a15f159f54a90024241d0f149cf8aed2982a2d801d2e64df0bf1dc351cf8e95c3319323f9f220c16e740b06faecd53e2462df1d2b5443fb
  languageName: node
  linkType: hard

"stringify-entities@npm:^4.0.0":
  version: 4.0.4
  resolution: "stringify-entities@npm:4.0.4"
  dependencies:
    character-entities-html4: ^2.0.0
    character-entities-legacy: ^3.0.0
  checksum: ac1344ef211eacf6cf0a0a8feaf96f9c36083835b406560d2c6ff5a87406a41b13f2f0b4c570a3b391f465121c4fd6822b863ffb197e8c0601a64097862cc5b5
  languageName: node
  linkType: hard

"strip-ansi@npm:^6.0.0, strip-ansi@npm:^6.0.1":
  version: 6.0.1
  resolution: "strip-ansi@npm:6.0.1"
  dependencies:
    ansi-regex: ^5.0.1
  checksum: f3cd25890aef3ba6e1a74e20896c21a46f482e93df4a06567cebf2b57edabb15133f1f94e57434e0a958d61186087b1008e89c94875d019910a213181a14fc8c
  languageName: node
  linkType: hard

"supports-color@npm:^7.1.0":
  version: 7.2.0
  resolution: "supports-color@npm:7.2.0"
  dependencies:
    has-flag: ^4.0.0
  checksum: 3dda818de06ebbe5b9653e07842d9479f3555ebc77e9a0280caf5a14fb877ffee9ed57007c3b78f5a6324b8dbeec648d9e97a24e2ed9fdb81ddc69ea07100f4a
  languageName: node
  linkType: hard

"trim-lines@npm:^3.0.0":
  version: 3.0.1
  resolution: "trim-lines@npm:3.0.1"
  checksum: e241da104682a0e0d807222cc1496b92e716af4db7a002f4aeff33ae6a0024fef93165d49eab11aa07c71e1347c42d46563f91dfaa4d3fb945aa535cdead53ed
  languageName: node
  linkType: hard

"typedoc@npm:^0.26.10":
  version: 0.26.10
  resolution: "typedoc@npm:0.26.10"
  dependencies:
    lunr: ^2.3.9
    markdown-it: ^14.1.0
    minimatch: ^9.0.5
    shiki: ^1.16.2
    yaml: ^2.5.1
  peerDependencies:
    typescript: 4.6.x || 4.7.x || 4.8.x || 4.9.x || 5.0.x || 5.1.x || 5.2.x || 5.3.x || 5.4.x || 5.5.x || 5.6.x
  bin:
    typedoc: bin/typedoc
  checksum: c356c96b12c6e3c1a7bc61e07ffab6d3e5ae80407f2e47da743202ab81f9c24345a399177f5eeb06b294480a216d5629eef480b4329cb8ab653b4e338930b957
  languageName: node
  linkType: hard

"uc.micro@npm:^2.0.0, uc.micro@npm:^2.1.0":
  version: 2.1.0
  resolution: "uc.micro@npm:2.1.0"
  checksum: 37197358242eb9afe367502d4638ac8c5838b78792ab218eafe48287b0ed28aaca268ec0392cc5729f6c90266744de32c06ae938549aee041fc93b0f9672d6b2
  languageName: node
  linkType: hard

"unist-util-is@npm:^6.0.0":
  version: 6.0.0
  resolution: "unist-util-is@npm:6.0.0"
  dependencies:
    "@types/unist": ^3.0.0
  checksum: f630a925126594af9993b091cf807b86811371e465b5049a6283e08537d3e6ba0f7e248e1e7dab52cfe33f9002606acef093441137181b327f6fe504884b20e2
  languageName: node
  linkType: hard

"unist-util-position@npm:^5.0.0":
  version: 5.0.0
  resolution: "unist-util-position@npm:5.0.0"
  dependencies:
    "@types/unist": ^3.0.0
  checksum: f89b27989b19f07878de9579cd8db2aa0194c8360db69e2c99bd2124a480d79c08f04b73a64daf01a8fb3af7cba65ff4b45a0b978ca243226084ad5f5d441dde
  languageName: node
  linkType: hard

"unist-util-stringify-position@npm:^4.0.0":
  version: 4.0.0
  resolution: "unist-util-stringify-position@npm:4.0.0"
  dependencies:
    "@types/unist": ^3.0.0
  checksum: e2e7aee4b92ddb64d314b4ac89eef7a46e4c829cbd3ee4aee516d100772b490eb6b4974f653ba0717a0071ca6ea0770bf22b0a2ea62c65fcba1d071285e96324
  languageName: node
  linkType: hard

"unist-util-visit-parents@npm:^6.0.0":
  version: 6.0.1
  resolution: "unist-util-visit-parents@npm:6.0.1"
  dependencies:
    "@types/unist": ^3.0.0
    unist-util-is: ^6.0.0
  checksum: 08927647c579f63b91aafcbec9966dc4a7d0af1e5e26fc69f4e3e6a01215084835a2321b06f3cbe7bf7914a852830fc1439f0fc3d7153d8804ac3ef851ddfa20
  languageName: node
  linkType: hard

"unist-util-visit@npm:^5.0.0":
  version: 5.0.0
  resolution: "unist-util-visit@npm:5.0.0"
  dependencies:
    "@types/unist": ^3.0.0
    unist-util-is: ^6.0.0
    unist-util-visit-parents: ^6.0.0
  checksum: 9ec42e618e7e5d0202f3c191cd30791b51641285732767ee2e6bcd035931032e3c1b29093f4d7fd0c79175bbc1f26f24f26ee49770d32be76f8730a652a857e6
  languageName: node
  linkType: hard

"vfile-message@npm:^4.0.0":
  version: 4.0.2
  resolution: "vfile-message@npm:4.0.2"
  dependencies:
    "@types/unist": ^3.0.0
    unist-util-stringify-position: ^4.0.0
  checksum: 964e7e119f4c0e0270fc269119c41c96da20afa01acb7c9809a88365c8e0c64aa692fafbd952669382b978002ecd7ad31ef4446d85e8a22cdb62f6df20186c2d
  languageName: node
  linkType: hard

"vfile@npm:^6.0.0":
  version: 6.0.3
  resolution: "vfile@npm:6.0.3"
  dependencies:
    "@types/unist": ^3.0.0
    vfile-message: ^4.0.0
  checksum: 152b6729be1af70df723efb65c1a1170fd483d41086557da3651eea69a1dd1f0c22ea4344834d56d30734b9185bcab63e22edc81d3f0e9bed8aa4660d61080af
  languageName: node
  linkType: hard

"wrap-ansi@npm:^7.0.0":
  version: 7.0.0
  resolution: "wrap-ansi@npm:7.0.0"
  dependencies:
    ansi-styles: ^4.0.0
    string-width: ^4.1.0
    strip-ansi: ^6.0.0
  checksum: a790b846fd4505de962ba728a21aaeda189b8ee1c7568ca5e817d85930e06ef8d1689d49dbf0e881e8ef84436af3a88bc49115c2e2788d841ff1b8b5b51a608b
  languageName: node
  linkType: hard

"y18n@npm:^5.0.5":
  version: 5.0.8
  resolution: "y18n@npm:5.0.8"
  checksum: 54f0fb95621ee60898a38c572c515659e51cc9d9f787fb109cef6fde4befbe1c4602dc999d30110feee37456ad0f1660fa2edcfde6a9a740f86a290999550d30
  languageName: node
  linkType: hard

"yaml@npm:^2.5.1":
  version: 2.6.0
  resolution: "yaml@npm:2.6.0"
  bin:
    yaml: bin.mjs
  checksum: e5e74fd75e01bde2c09333d529af9fbb5928c5f7f01bfdefdcb2bf753d4ef489a45cab4deac01c9448f55ca27e691612b81fe3c3a59bb8cb5b0069da0f92cf0b
  languageName: node
  linkType: hard

"yargs-parser@npm:^21.1.1":
  version: 21.1.1
  resolution: "yargs-parser@npm:21.1.1"
  checksum: ed2d96a616a9e3e1cc7d204c62ecc61f7aaab633dcbfab2c6df50f7f87b393993fe6640d017759fe112d0cb1e0119f2b4150a87305cc873fd90831c6a58ccf1c
  languageName: node
  linkType: hard

"yargs@npm:^17.3.0":
  version: 17.7.2
  resolution: "yargs@npm:17.7.2"
  dependencies:
    cliui: ^8.0.1
    escalade: ^3.1.1
    get-caller-file: ^2.0.5
    require-directory: ^2.1.1
    string-width: ^4.2.3
    y18n: ^5.0.5
    yargs-parser: ^21.1.1
  checksum: 73b572e863aa4a8cbef323dd911d79d193b772defd5a51aab0aca2d446655216f5002c42c5306033968193bdbf892a7a4c110b0d77954a7fdf563e653967b56a
  languageName: node
  linkType: hard

"zwitch@npm:^2.0.4":
  version: 2.0.4
  resolution: "zwitch@npm:2.0.4"
  checksum: f22ec5fc2d5f02c423c93d35cdfa83573a3a3bd98c66b927c368ea4d0e7252a500df2a90a6b45522be536a96a73404393c958e945fdba95e6832c200791702b6
  languageName: node
  linkType: hard
