# This file is generated by running "yarn install" inside your project.
# Manual changes might be lost - proceed with caution!

__metadata:
  version: 6
  cacheKey: 8

"@gerrit0/mini-shiki@npm:^3.7.0":
  version: 3.8.1
  resolution: "@gerrit0/mini-shiki@npm:3.8.1"
  dependencies:
    "@shikijs/engine-oniguruma": ^3.8.1
    "@shikijs/langs": ^3.8.1
    "@shikijs/themes": ^3.8.1
    "@shikijs/types": ^3.8.1
    "@shikijs/vscode-textmate": ^10.0.2
  checksum: fbe4059c4b02bc26d54b6bcebe9b1abcf83c5b88ba8b2bc5ed65399b373538a7fb3c52419c7f7339b8138533b298559ff674b9733c41583b6f4229fb18b2ba60
  languageName: node
  linkType: hard

"@nextgis/frontend_docs@workspace:.":
  version: 0.0.0-use.local
  resolution: "@nextgis/frontend_docs@workspace:."
  dependencies:
    docmypkg: ^0.0.1
    typedoc: ^0.28.7
  languageName: unknown
  linkType: soft

"@shikijs/engine-oniguruma@npm:^3.8.1":
  version: 3.8.1
  resolution: "@shikijs/engine-oniguruma@npm:3.8.1"
  dependencies:
    "@shikijs/types": 3.8.1
    "@shikijs/vscode-textmate": ^10.0.2
  checksum: e680fd782256418c85551f034baa25ee75fd7da22ccbba5b56db269ee55763e94fbd508e2160b654e15ff092fe818409dcbb11fac39cbcd21493638d5e212ea3
  languageName: node
  linkType: hard

"@shikijs/langs@npm:^3.8.1":
  version: 3.8.1
  resolution: "@shikijs/langs@npm:3.8.1"
  dependencies:
    "@shikijs/types": 3.8.1
  checksum: 6d02da41da2f7943fd0042e659a8e63652632183fc932f349dda7f7037bf9d364c06c15b5c2d3fac04497d82f254cb9248f61d55961f678f14fbca584fead4a0
  languageName: node
  linkType: hard

"@shikijs/themes@npm:^3.8.1":
  version: 3.8.1
  resolution: "@shikijs/themes@npm:3.8.1"
  dependencies:
    "@shikijs/types": 3.8.1
  checksum: 8cdb702544f5b4466a79f113c5fda1d02e5de8e569d650f6c000611b72b64b271571dfc1518a1e44ffb1f9f46c752358dfd3a380cc16c330eeedcde103af513d
  languageName: node
  linkType: hard

"@shikijs/types@npm:3.8.1, @shikijs/types@npm:^3.8.1":
  version: 3.8.1
  resolution: "@shikijs/types@npm:3.8.1"
  dependencies:
    "@shikijs/vscode-textmate": ^10.0.2
    "@types/hast": ^3.0.4
  checksum: 957ab5aa60db4ce116c7571277cc6b27e80538b212d798d6380d9d546b1bb064b058bfdabaa5a2fd05602aae40ee0865fc3c7cc6550e8a939000db64192796ae
  languageName: node
  linkType: hard

"@shikijs/vscode-textmate@npm:^10.0.2":
  version: 10.0.2
  resolution: "@shikijs/vscode-textmate@npm:10.0.2"
  checksum: e68f27a3dc1584d7414b8acafb9c177a2181eb0b06ef178d8609142f49d28d85fd10ab129affde40a45a7d9238997e457ce47931b3a3815980e2b98b2d26724c
  languageName: node
  linkType: hard

"@types/hast@npm:^3.0.4":
  version: 3.0.4
  resolution: "@types/hast@npm:3.0.4"
  dependencies:
    "@types/unist": "*"
  checksum: 7a973e8d16fcdf3936090fa2280f408fb2b6a4f13b42edeb5fbd614efe042b82eac68e298e556d50f6b4ad585a3a93c353e9c826feccdc77af59de8dd400d044
  languageName: node
  linkType: hard

"@types/unist@npm:*":
  version: 3.0.2
  resolution: "@types/unist@npm:3.0.2"
  checksum: 3d04d0be69316e5f14599a0d993a208606c12818cf631fd399243d1dc7a9bd8a3917d6066baa6abc290814afbd744621484756803c80cba892c39cd4b4a85616
  languageName: node
  linkType: hard

"ansi-regex@npm:^5.0.1":
  version: 5.0.1
  resolution: "ansi-regex@npm:5.0.1"
  checksum: 2aa4bb54caf2d622f1afdad09441695af2a83aa3fe8b8afa581d205e57ed4261c183c4d3877cee25794443fde5876417d859c108078ab788d6af7e4fe52eb66b
  languageName: node
  linkType: hard

"ansi-styles@npm:^4.0.0, ansi-styles@npm:^4.1.0":
  version: 4.3.0
  resolution: "ansi-styles@npm:4.3.0"
  dependencies:
    color-convert: ^2.0.1
  checksum: 513b44c3b2105dd14cc42a19271e80f386466c4be574bccf60b627432f9198571ebf4ab1e4c3ba17347658f4ee1711c163d574248c0c1cdc2d5917a0ad582ec4
  languageName: node
  linkType: hard

"argparse@npm:^2.0.1":
  version: 2.0.1
  resolution: "argparse@npm:2.0.1"
  checksum: 83644b56493e89a254bae05702abf3a1101b4fa4d0ca31df1c9985275a5a5bd47b3c27b7fa0b71098d41114d8ca000e6ed90cad764b306f8a503665e4d517ced
  languageName: node
  linkType: hard

"balanced-match@npm:^1.0.0":
  version: 1.0.2
  resolution: "balanced-match@npm:1.0.2"
  checksum: 9706c088a283058a8a99e0bf91b0a2f75497f185980d9ffa8b304de1d9e58ebda7c72c07ebf01dadedaac5b2907b2c6f566f660d62bd336c3468e960403b9d65
  languageName: node
  linkType: hard

"brace-expansion@npm:^2.0.1":
  version: 2.0.2
  resolution: "brace-expansion@npm:2.0.2"
  dependencies:
    balanced-match: ^1.0.0
  checksum: 01dff195e3646bc4b0d27b63d9bab84d2ebc06121ff5013ad6e5356daa5a9d6b60fa26cf73c74797f2dc3fbec112af13578d51f75228c1112b26c790a87b0488
  languageName: node
  linkType: hard

"chalk@npm:^4.1.2":
  version: 4.1.2
  resolution: "chalk@npm:4.1.2"
  dependencies:
    ansi-styles: ^4.1.0
    supports-color: ^7.1.0
  checksum: fe75c9d5c76a7a98d45495b91b2172fa3b7a09e0cc9370e5c8feb1c567b85c4288e2b3fded7cfdd7359ac28d6b3844feb8b82b8686842e93d23c827c417e83fc
  languageName: node
  linkType: hard

"cliui@npm:^8.0.1":
  version: 8.0.1
  resolution: "cliui@npm:8.0.1"
  dependencies:
    string-width: ^4.2.0
    strip-ansi: ^6.0.1
    wrap-ansi: ^7.0.0
  checksum: 79648b3b0045f2e285b76fb2e24e207c6db44323581e421c3acbd0e86454cba1b37aea976ab50195a49e7384b871e6dfb2247ad7dec53c02454ac6497394cb56
  languageName: node
  linkType: hard

"color-convert@npm:^2.0.1":
  version: 2.0.1
  resolution: "color-convert@npm:2.0.1"
  dependencies:
    color-name: ~1.1.4
  checksum: 79e6bdb9fd479a205c71d89574fccfb22bd9053bd98c6c4d870d65c132e5e904e6034978e55b43d69fcaa7433af2016ee203ce76eeba9cfa554b373e7f7db336
  languageName: node
  linkType: hard

"color-name@npm:~1.1.4":
  version: 1.1.4
  resolution: "color-name@npm:1.1.4"
  checksum: b0445859521eb4021cd0fb0cc1a75cecf67fceecae89b63f62b201cca8d345baf8b952c966862a9d9a2632987d4f6581f0ec8d957dfacece86f0a7919316f610
  languageName: node
  linkType: hard

"docmypkg@npm:^0.0.1":
  version: 0.0.1
  resolution: "docmypkg@npm:0.0.1"
  dependencies:
    chalk: ^4.1.2
    yargs: ^17.3.0
  bin:
    docmypkg: bin.js
  checksum: 30eb0b4ed94fab5792ec56fc3e4489ed6d9bc033c95518a63d767307d1ad5b36d78b36ef94c60e97a90f47c74210b3ec38ee61686fb04c00e0c0d72f0c9fa090
  languageName: node
  linkType: hard

"emoji-regex@npm:^8.0.0":
  version: 8.0.0
  resolution: "emoji-regex@npm:8.0.0"
  checksum: d4c5c39d5a9868b5fa152f00cada8a936868fd3367f33f71be515ecee4c803132d11b31a6222b2571b1e5f7e13890156a94880345594d0ce7e3c9895f560f192
  languageName: node
  linkType: hard

"entities@npm:^4.4.0":
  version: 4.5.0
  resolution: "entities@npm:4.5.0"
  checksum: 853f8ebd5b425d350bffa97dd6958143179a5938352ccae092c62d1267c4e392a039be1bae7d51b6e4ffad25f51f9617531fedf5237f15df302ccfb452cbf2d7
  languageName: node
  linkType: hard

"escalade@npm:^3.1.1":
  version: 3.1.1
  resolution: "escalade@npm:3.1.1"
  checksum: a3e2a99f07acb74b3ad4989c48ca0c3140f69f923e56d0cba0526240ee470b91010f9d39001f2a4a313841d237ede70a729e92125191ba5d21e74b106800b133
  languageName: node
  linkType: hard

"get-caller-file@npm:^2.0.5":
  version: 2.0.5
  resolution: "get-caller-file@npm:2.0.5"
  checksum: b9769a836d2a98c3ee734a88ba712e62703f1df31b94b784762c433c27a386dd6029ff55c2a920c392e33657d80191edbf18c61487e198844844516f843496b9
  languageName: node
  linkType: hard

"has-flag@npm:^4.0.0":
  version: 4.0.0
  resolution: "has-flag@npm:4.0.0"
  checksum: 261a1357037ead75e338156b1f9452c016a37dcd3283a972a30d9e4a87441ba372c8b81f818cd0fbcd9c0354b4ae7e18b9e1afa1971164aef6d18c2b6095a8ad
  languageName: node
  linkType: hard

"is-fullwidth-code-point@npm:^3.0.0":
  version: 3.0.0
  resolution: "is-fullwidth-code-point@npm:3.0.0"
  checksum: 44a30c29457c7fb8f00297bce733f0a64cd22eca270f83e58c105e0d015e45c019491a4ab2faef91ab51d4738c670daff901c799f6a700e27f7314029e99e348
  languageName: node
  linkType: hard

"linkify-it@npm:^5.0.0":
  version: 5.0.0
  resolution: "linkify-it@npm:5.0.0"
  dependencies:
    uc.micro: ^2.0.0
  checksum: b0b86cadaf816b64c947a83994ceaad1c15f9fe7e079776ab88699fb71afd7b8fc3fd3d0ae5ebec8c92c1d347be9ba257b8aef338c0ebf81b0d27dcf429a765a
  languageName: node
  linkType: hard

"lunr@npm:^2.3.9":
  version: 2.3.9
  resolution: "lunr@npm:2.3.9"
  checksum: 176719e24fcce7d3cf1baccce9dd5633cd8bdc1f41ebe6a180112e5ee99d80373fe2454f5d4624d437e5a8319698ca6837b9950566e15d2cae5f2a543a3db4b8
  languageName: node
  linkType: hard

"markdown-it@npm:^14.1.0":
  version: 14.1.0
  resolution: "markdown-it@npm:14.1.0"
  dependencies:
    argparse: ^2.0.1
    entities: ^4.4.0
    linkify-it: ^5.0.0
    mdurl: ^2.0.0
    punycode.js: ^2.3.1
    uc.micro: ^2.1.0
  bin:
    markdown-it: bin/markdown-it.mjs
  checksum: 07296b45ebd0b13a55611a24d1b1ad002c6729ec54f558f597846994b0b7b1de79d13cd99ff3e7b6e9e027f36b63125cdcf69174da294ecabdd4e6b9fff39e5d
  languageName: node
  linkType: hard

"mdurl@npm:^2.0.0":
  version: 2.0.0
  resolution: "mdurl@npm:2.0.0"
  checksum: 880bc289ef668df0bb34c5b2b5aaa7b6ea755052108cdaf4a5e5968ad01cf27e74927334acc9ebcc50a8628b65272ae6b1fd51fae1330c130e261c0466e1a3b2
  languageName: node
  linkType: hard

"minimatch@npm:^9.0.5":
  version: 9.0.5
  resolution: "minimatch@npm:9.0.5"
  dependencies:
    brace-expansion: ^2.0.1
  checksum: 2c035575eda1e50623c731ec6c14f65a85296268f749b9337005210bb2b34e2705f8ef1a358b188f69892286ab99dc42c8fb98a57bde55c8d81b3023c19cea28
  languageName: node
  linkType: hard

"punycode.js@npm:^2.3.1":
  version: 2.3.1
  resolution: "punycode.js@npm:2.3.1"
  checksum: 13466d7ed5e8dacdab8c4cc03837e7dd14218a59a40eb14a837f1f53ca396e18ef2c4ee6d7766b8ed2fc391d6a3ac489eebf2de83b3596f5a54e86df4a251b72
  languageName: node
  linkType: hard

"require-directory@npm:^2.1.1":
  version: 2.1.1
  resolution: "require-directory@npm:2.1.1"
  checksum: fb47e70bf0001fdeabdc0429d431863e9475e7e43ea5f94ad86503d918423c1543361cc5166d713eaa7029dd7a3d34775af04764bebff99ef413111a5af18c80
  languageName: node
  linkType: hard

"string-width@npm:^4.1.0, string-width@npm:^4.2.0, string-width@npm:^4.2.3":
  version: 4.2.3
  resolution: "string-width@npm:4.2.3"
  dependencies:
    emoji-regex: ^8.0.0
    is-fullwidth-code-point: ^3.0.0
    strip-ansi: ^6.0.1
  checksum: e52c10dc3fbfcd6c3a15f159f54a90024241d0f149cf8aed2982a2d801d2e64df0bf1dc351cf8e95c3319323f9f220c16e740b06faecd53e2462df1d2b5443fb
  languageName: node
  linkType: hard

"strip-ansi@npm:^6.0.0, strip-ansi@npm:^6.0.1":
  version: 6.0.1
  resolution: "strip-ansi@npm:6.0.1"
  dependencies:
    ansi-regex: ^5.0.1
  checksum: f3cd25890aef3ba6e1a74e20896c21a46f482e93df4a06567cebf2b57edabb15133f1f94e57434e0a958d61186087b1008e89c94875d019910a213181a14fc8c
  languageName: node
  linkType: hard

"supports-color@npm:^7.1.0":
  version: 7.2.0
  resolution: "supports-color@npm:7.2.0"
  dependencies:
    has-flag: ^4.0.0
  checksum: 3dda818de06ebbe5b9653e07842d9479f3555ebc77e9a0280caf5a14fb877ffee9ed57007c3b78f5a6324b8dbeec648d9e97a24e2ed9fdb81ddc69ea07100f4a
  languageName: node
  linkType: hard

"typedoc@npm:^0.28.7":
  version: 0.28.7
  resolution: "typedoc@npm:0.28.7"
  dependencies:
    "@gerrit0/mini-shiki": ^3.7.0
    lunr: ^2.3.9
    markdown-it: ^14.1.0
    minimatch: ^9.0.5
    yaml: ^2.8.0
  peerDependencies:
    typescript: 5.0.x || 5.1.x || 5.2.x || 5.3.x || 5.4.x || 5.5.x || 5.6.x || 5.7.x || 5.8.x
  bin:
    typedoc: bin/typedoc
  checksum: 520896767a79b5612711a9077d76b1bea018baca4a0dc4d37f9a9f79ab3aaabd3f07fe1d637239a0de1693ac9b20b6b54b7356fab4adc5e531e39306972d0eab
  languageName: node
  linkType: hard

"uc.micro@npm:^2.0.0, uc.micro@npm:^2.1.0":
  version: 2.1.0
  resolution: "uc.micro@npm:2.1.0"
  checksum: 37197358242eb9afe367502d4638ac8c5838b78792ab218eafe48287b0ed28aaca268ec0392cc5729f6c90266744de32c06ae938549aee041fc93b0f9672d6b2
  languageName: node
  linkType: hard

"wrap-ansi@npm:^7.0.0":
  version: 7.0.0
  resolution: "wrap-ansi@npm:7.0.0"
  dependencies:
    ansi-styles: ^4.0.0
    string-width: ^4.1.0
    strip-ansi: ^6.0.0
  checksum: a790b846fd4505de962ba728a21aaeda189b8ee1c7568ca5e817d85930e06ef8d1689d49dbf0e881e8ef84436af3a88bc49115c2e2788d841ff1b8b5b51a608b
  languageName: node
  linkType: hard

"y18n@npm:^5.0.5":
  version: 5.0.8
  resolution: "y18n@npm:5.0.8"
  checksum: 54f0fb95621ee60898a38c572c515659e51cc9d9f787fb109cef6fde4befbe1c4602dc999d30110feee37456ad0f1660fa2edcfde6a9a740f86a290999550d30
  languageName: node
  linkType: hard

"yaml@npm:^2.8.0":
  version: 2.8.0
  resolution: "yaml@npm:2.8.0"
  bin:
    yaml: bin.mjs
  checksum: 66f103ca5a2f02dac0526895cc7ae7626d91aa8c43aad6fdcff15edf68b1199be4012140b390063877913441aaa5288fdf57eca30e06268a8282dd741525e626
  languageName: node
  linkType: hard

"yargs-parser@npm:^21.1.1":
  version: 21.1.1
  resolution: "yargs-parser@npm:21.1.1"
  checksum: ed2d96a616a9e3e1cc7d204c62ecc61f7aaab633dcbfab2c6df50f7f87b393993fe6640d017759fe112d0cb1e0119f2b4150a87305cc873fd90831c6a58ccf1c
  languageName: node
  linkType: hard

"yargs@npm:^17.3.0":
  version: 17.7.2
  resolution: "yargs@npm:17.7.2"
  dependencies:
    cliui: ^8.0.1
    escalade: ^3.1.1
    get-caller-file: ^2.0.5
    require-directory: ^2.1.1
    string-width: ^4.2.3
    y18n: ^5.0.5
    yargs-parser: ^21.1.1
  checksum: 73b572e863aa4a8cbef323dd911d79d193b772defd5a51aab0aca2d446655216f5002c42c5306033968193bdbf892a7a4c110b0d77954a7fdf563e653967b56a
  languageName: node
  linkType: hard
